
Microsoft Visual Studio Solution File, Format Version 12.00
# Visual Studio Version 17
VisualStudioVersion = 17.3.32929.385
MinimumVisualStudioVersion = 10.0.40219.1
Project("{FAE04EC0-301F-11D3-BF4B-00C04F79EFBC}") = "RealNumsCount", "RealNumsCount\RealNumsCount.csproj", "{050D78D5-E96A-482F-9D20-0625B0452DC9}"
EndProject
Project("{FAE04EC0-301F-11D3-BF4B-00C04F79EFBC}") = "UpgradedPhonebook", "UpgradedPhonebook\UpgradedPhonebook.csproj", "{B2A09F92-1762-492C-B32C-E697FF5F8F02}"
EndProject
Global
	GlobalSection(SolutionConfigurationPlatforms) = preSolution
		Debug|Any CPU = Debug|Any CPU
		Release|Any CPU = Release|Any CPU
	EndGlobalSection
	GlobalSection(ProjectConfigurationPlatforms) = postSolution
		{050D78D5-E96A-482F-9D20-0625B0452DC9}.Debug|Any CPU.ActiveCfg = Debug|Any CPU
		{050D78D5-E96A-482F-9D20-0625B0452DC9}.Debug|Any CPU.Build.0 = Debug|Any CPU
		{050D78D5-E96A-482F-9D20-0625B0452DC9}.Release|Any CPU.ActiveCfg = Release|Any CPU
		{050D78D5-E96A-482F-9D20-0625B0452DC9}.Release|Any CPU.Build.0 = Release|Any CPU
		{B2A09F92-1762-492C-B32C-E697FF5F8F02}.Debug|Any CPU.ActiveCfg = Debug|Any CPU
		{B2A09F92-1762-492C-B32C-E697FF5F8F02}.Debug|Any CPU.Build.0 = Debug|Any CPU
		{B2A09F92-1762-492C-B32C-E697FF5F8F02}.Release|Any CPU.ActiveCfg = Release|Any CPU
		{B2A09F92-1762-492C-B32C-E697FF5F8F02}.Release|Any CPU.Build.0 = Release|Any CPU
	EndGlobalSection
	GlobalSection(SolutionProperties) = preSolution
		HideSolutionNode = FALSE
	EndGlobalSection
	GlobalSection(ExtensibilityGlobals) = postSolution
		SolutionGuid = {3CE676A1-4748-41D1-BEDA-01AE62F3E1C2}
	EndGlobalSection
EndGlobal
